
Microsoft Visual Studio Solution File, Format Version 12.00
# Visual Studio Version 17
VisualStudioVersion = 17.10.35122.118
MinimumVisualStudioVersion = 10.0.40219.1
Project("{9A19103F-16F7-4668-BE54-9A1E7A4F7556}") = "ApiHelloWorld", "ApiHelloWorld\ApiHelloWorld.csproj", "{B6754914-BEF4-48B3-BEBC-74FEF47DF1CB}"
EndProject
Project("{00D1A9C2-B5F0-4AF3-8072-F6C62B433612}") = "MyPoint", "MyPoint\MyPoint.sqlproj", "{CE5B10DD-0DAE-4B38-BF80-9F57B7ADD87C}"
EndProject
Global
	GlobalSection(SolutionConfigurationPlatforms) = preSolution
		Debug|Any CPU = Debug|Any CPU
		Release|Any CPU = Release|Any CPU
	EndGlobalSection
	GlobalSection(ProjectConfigurationPlatforms) = postSolution
		{B6754914-BEF4-48B3-BEBC-74FEF47DF1CB}.Debug|Any CPU.ActiveCfg = Debug|Any CPU
		{B6754914-BEF4-48B3-BEBC-74FEF47DF1CB}.Debug|Any CPU.Build.0 = Debug|Any CPU
		{B6754914-BEF4-48B3-BEBC-74FEF47DF1CB}.Release|Any CPU.ActiveCfg = Release|Any CPU
		{B6754914-BEF4-48B3-BEBC-74FEF47DF1CB}.Release|Any CPU.Build.0 = Release|Any CPU
		{CE5B10DD-0DAE-4B38-BF80-9F57B7ADD87C}.Debug|Any CPU.ActiveCfg = Debug|Any CPU
		{CE5B10DD-0DAE-4B38-BF80-9F57B7ADD87C}.Debug|Any CPU.Build.0 = Debug|Any CPU
		{CE5B10DD-0DAE-4B38-BF80-9F57B7ADD87C}.Debug|Any CPU.Deploy.0 = Debug|Any CPU
		{CE5B10DD-0DAE-4B38-BF80-9F57B7ADD87C}.Release|Any CPU.ActiveCfg = Release|Any CPU
		{CE5B10DD-0DAE-4B38-BF80-9F57B7ADD87C}.Release|Any CPU.Build.0 = Release|Any CPU
		{CE5B10DD-0DAE-4B38-BF80-9F57B7ADD87C}.Release|Any CPU.Deploy.0 = Release|Any CPU
	EndGlobalSection
	GlobalSection(SolutionProperties) = preSolution
		HideSolutionNode = FALSE
	EndGlobalSection
	GlobalSection(ExtensibilityGlobals) = postSolution
		SolutionGuid = {4F5A5012-301B-4075-A551-9FE20ECAD3DA}
	EndGlobalSection
EndGlobal
